{
  "requires": true,
  "lockfileVersion": 1,
  "dependencies": {
    "primeicons": {
      "version": "1.0.0",
      "resolved": "https://registry.npmjs.org/primeicons/-/primeicons-1.0.0.tgz",
      "integrity": "sha512-p/hzIjUVccW4eJPhuORHI3AUkDpqfvCQVrjxbFEejnTEdWY4C8fomVfjiaA9jCu83fSQnBHuRIGB96iAR8R6uA=="
    },
    "primeng": {
      "version": "6.1.5",
      "resolved": "https://registry.npmjs.org/primeng/-/primeng-6.1.5.tgz",
      "integrity": "sha512-tsGm1aMfjMYHJHCBgkDBtsyKkG+luW8VgPwHpK9UjXgmr28kx/UDYM2bQbuC94YgtbG9rhh74QbwLEHWUMV5fg=="
    }
  }
}
